
Microsoft Visual Studio Solution File, Format Version 12.00
# Visual Studio Version 16
VisualStudioVersion = 16.0.31702.278
MinimumVisualStudioVersion = 10.0.40219.1
Project("{9A19103F-16F7-4668-BE54-9A1E7A4F7556}") = "Sinqia-Projeto-Inicial", "Sinqia-Projeto-Inicial.csproj", "{2405E9DA-F32A-4492-A33B-B5114D81EDCC}"
EndProject
Global
	GlobalSection(SolutionConfigurationPlatforms) = preSolution
		Debug|Any CPU = Debug|Any CPU
		Release|Any CPU = Release|Any CPU
	EndGlobalSection
	GlobalSection(ProjectConfigurationPlatforms) = postSolution
		{2405E9DA-F32A-4492-A33B-B5114D81EDCC}.Debug|Any CPU.ActiveCfg = Debug|Any CPU
		{2405E9DA-F32A-4492-A33B-B5114D81EDCC}.Debug|Any CPU.Build.0 = Debug|Any CPU
		{2405E9DA-F32A-4492-A33B-B5114D81EDCC}.Release|Any CPU.ActiveCfg = Release|Any CPU
		{2405E9DA-F32A-4492-A33B-B5114D81EDCC}.Release|Any CPU.Build.0 = Release|Any CPU
	EndGlobalSection
	GlobalSection(SolutionProperties) = preSolution
		HideSolutionNode = FALSE
	EndGlobalSection
	GlobalSection(ExtensibilityGlobals) = postSolution
		SolutionGuid = {FF25C671-98A4-4387-999A-5567B35CA6D8}
	EndGlobalSection
EndGlobal
